
Microsoft Visual Studio Solution File, Format Version 11.00
# Visual Studio 2010
Project("{FAE04EC0-301F-11D3-BF4B-00C04F79EFBC}") = "CmdletOne", "CmdletOne\CmdletOne.csproj", "{491D0169-0029-4FB1-B7E0-3D2A81B56391}"
EndProject
Project("{FAE04EC0-301F-11D3-BF4B-00C04F79EFBC}") = "CmdletTwo", "CmdletTwo\CmdletTwo.csproj", "{762867FB-FFC6-4FE6-A83F-89A656CE4893}"
EndProject
Project("{FAE04EC0-301F-11D3-BF4B-00C04F79EFBC}") = "CmdletThree", "CmdletThree\CmdletThree.csproj", "{6E2AA8DC-D460-43FF-8185-18E502A287AC}"
EndProject
Project("{FAE04EC0-301F-11D3-BF4B-00C04F79EFBC}") = "CmdletFour", "CmdletFour\CmdletFour.csproj", "{71488A6A-AB32-4F88-9C96-09764D2DC382}"
EndProject
Project("{2150E333-8FDC-42A3-9474-1A3956D46DE8}") = ".nuget", ".nuget", "{A5A58B48-BF1B-4D47-BB90-B75941A2C22A}"
	ProjectSection(SolutionItems) = preProject
		.nuget\NuGet.Config = .nuget\NuGet.Config
		.nuget\NuGet.exe = .nuget\NuGet.exe
		.nuget\NuGet.targets = .nuget\NuGet.targets
	EndProjectSection
EndProject
Project("{FAE04EC0-301F-11D3-BF4B-00C04F79EFBC}") = "Common", "Common\Common.csproj", "{76F7734F-DFB1-4AAB-B572-3860C0DA4428}"
EndProject
Project("{FAE04EC0-301F-11D3-BF4B-00C04F79EFBC}") = "TestConsole", "TestConsole\TestConsole.csproj", "{5E87CE00-6E89-4ACB-BDE6-921153BB4891}"
EndProject
Project("{FAE04EC0-301F-11D3-BF4B-00C04F79EFBC}") = "TestModule", "TestModule\TestModule.csproj", "{5C9D39D5-FF59-47F9-874D-BF6909770B39}"
EndProject
Project("{FAE04EC0-301F-11D3-BF4B-00C04F79EFBC}") = "TestModule2", "TestModule2\TestModule2.csproj", "{39547A68-442C-4C4E-8034-4BCACAF22AFB}"
EndProject
Global
	GlobalSection(SolutionConfigurationPlatforms) = preSolution
		Debug|Any CPU = Debug|Any CPU
		Debug|Mixed Platforms = Debug|Mixed Platforms
		Debug|x86 = Debug|x86
		Release|Any CPU = Release|Any CPU
		Release|Mixed Platforms = Release|Mixed Platforms
		Release|x86 = Release|x86
	EndGlobalSection
	GlobalSection(ProjectConfigurationPlatforms) = postSolution
		{491D0169-0029-4FB1-B7E0-3D2A81B56391}.Debug|Any CPU.ActiveCfg = Debug|Any CPU
		{491D0169-0029-4FB1-B7E0-3D2A81B56391}.Debug|Any CPU.Build.0 = Debug|Any CPU
		{491D0169-0029-4FB1-B7E0-3D2A81B56391}.Debug|Mixed Platforms.ActiveCfg = Debug|Any CPU
		{491D0169-0029-4FB1-B7E0-3D2A81B56391}.Debug|Mixed Platforms.Build.0 = Debug|Any CPU
		{491D0169-0029-4FB1-B7E0-3D2A81B56391}.Debug|x86.ActiveCfg = Debug|Any CPU
		{491D0169-0029-4FB1-B7E0-3D2A81B56391}.Release|Any CPU.ActiveCfg = Release|Any CPU
		{491D0169-0029-4FB1-B7E0-3D2A81B56391}.Release|Any CPU.Build.0 = Release|Any CPU
		{491D0169-0029-4FB1-B7E0-3D2A81B56391}.Release|Mixed Platforms.ActiveCfg = Release|Any CPU
		{491D0169-0029-4FB1-B7E0-3D2A81B56391}.Release|Mixed Platforms.Build.0 = Release|Any CPU
		{491D0169-0029-4FB1-B7E0-3D2A81B56391}.Release|x86.ActiveCfg = Release|Any CPU
		{762867FB-FFC6-4FE6-A83F-89A656CE4893}.Debug|Any CPU.ActiveCfg = Debug|Any CPU
		{762867FB-FFC6-4FE6-A83F-89A656CE4893}.Debug|Any CPU.Build.0 = Debug|Any CPU
		{762867FB-FFC6-4FE6-A83F-89A656CE4893}.Debug|Mixed Platforms.ActiveCfg = Debug|Any CPU
		{762867FB-FFC6-4FE6-A83F-89A656CE4893}.Debug|Mixed Platforms.Build.0 = Debug|Any CPU
		{762867FB-FFC6-4FE6-A83F-89A656CE4893}.Debug|x86.ActiveCfg = Debug|Any CPU
		{762867FB-FFC6-4FE6-A83F-89A656CE4893}.Release|Any CPU.ActiveCfg = Release|Any CPU
		{762867FB-FFC6-4FE6-A83F-89A656CE4893}.Release|Any CPU.Build.0 = Release|Any CPU
		{762867FB-FFC6-4FE6-A83F-89A656CE4893}.Release|Mixed Platforms.ActiveCfg = Release|Any CPU
		{762867FB-FFC6-4FE6-A83F-89A656CE4893}.Release|Mixed Platforms.Build.0 = Release|Any CPU
		{762867FB-FFC6-4FE6-A83F-89A656CE4893}.Release|x86.ActiveCfg = Release|Any CPU
		{6E2AA8DC-D460-43FF-8185-18E502A287AC}.Debug|Any CPU.ActiveCfg = Debug|Any CPU
		{6E2AA8DC-D460-43FF-8185-18E502A287AC}.Debug|Any CPU.Build.0 = Debug|Any CPU
		{6E2AA8DC-D460-43FF-8185-18E502A287AC}.Debug|Mixed Platforms.ActiveCfg = Debug|Any CPU
		{6E2AA8DC-D460-43FF-8185-18E502A287AC}.Debug|Mixed Platforms.Build.0 = Debug|Any CPU
		{6E2AA8DC-D460-43FF-8185-18E502A287AC}.Debug|x86.ActiveCfg = Debug|Any CPU
		{6E2AA8DC-D460-43FF-8185-18E502A287AC}.Release|Any CPU.ActiveCfg = Release|Any CPU
		{6E2AA8DC-D460-43FF-8185-18E502A287AC}.Release|Any CPU.Build.0 = Release|Any CPU
		{6E2AA8DC-D460-43FF-8185-18E502A287AC}.Release|Mixed Platforms.ActiveCfg = Release|Any CPU
		{6E2AA8DC-D460-43FF-8185-18E502A287AC}.Release|Mixed Platforms.Build.0 = Release|Any CPU
		{6E2AA8DC-D460-43FF-8185-18E502A287AC}.Release|x86.ActiveCfg = Release|Any CPU
		{71488A6A-AB32-4F88-9C96-09764D2DC382}.Debug|Any CPU.ActiveCfg = Debug|Any CPU
		{71488A6A-AB32-4F88-9C96-09764D2DC382}.Debug|Any CPU.Build.0 = Debug|Any CPU
		{71488A6A-AB32-4F88-9C96-09764D2DC382}.Debug|Mixed Platforms.ActiveCfg = Debug|Any CPU
		{71488A6A-AB32-4F88-9C96-09764D2DC382}.Debug|Mixed Platforms.Build.0 = Debug|Any CPU
		{71488A6A-AB32-4F88-9C96-09764D2DC382}.Debug|x86.ActiveCfg = Debug|Any CPU
		{71488A6A-AB32-4F88-9C96-09764D2DC382}.Release|Any CPU.ActiveCfg = Release|Any CPU
		{71488A6A-AB32-4F88-9C96-09764D2DC382}.Release|Any CPU.Build.0 = Release|Any CPU
		{71488A6A-AB32-4F88-9C96-09764D2DC382}.Release|Mixed Platforms.ActiveCfg = Release|Any CPU
		{71488A6A-AB32-4F88-9C96-09764D2DC382}.Release|Mixed Platforms.Build.0 = Release|Any CPU
		{71488A6A-AB32-4F88-9C96-09764D2DC382}.Release|x86.ActiveCfg = Release|Any CPU
		{76F7734F-DFB1-4AAB-B572-3860C0DA4428}.Debug|Any CPU.ActiveCfg = Debug|Any CPU
		{76F7734F-DFB1-4AAB-B572-3860C0DA4428}.Debug|Any CPU.Build.0 = Debug|Any CPU
		{76F7734F-DFB1-4AAB-B572-3860C0DA4428}.Debug|Mixed Platforms.ActiveCfg = Debug|Any CPU
		{76F7734F-DFB1-4AAB-B572-3860C0DA4428}.Debug|Mixed Platforms.Build.0 = Debug|Any CPU
		{76F7734F-DFB1-4AAB-B572-3860C0DA4428}.Debug|x86.ActiveCfg = Debug|Any CPU
		{76F7734F-DFB1-4AAB-B572-3860C0DA4428}.Release|Any CPU.ActiveCfg = Release|Any CPU
		{76F7734F-DFB1-4AAB-B572-3860C0DA4428}.Release|Any CPU.Build.0 = Release|Any CPU
		{76F7734F-DFB1-4AAB-B572-3860C0DA4428}.Release|Mixed Platforms.ActiveCfg = Release|Any CPU
		{76F7734F-DFB1-4AAB-B572-3860C0DA4428}.Release|Mixed Platforms.Build.0 = Release|Any CPU
		{76F7734F-DFB1-4AAB-B572-3860C0DA4428}.Release|x86.ActiveCfg = Release|Any CPU
		{5E87CE00-6E89-4ACB-BDE6-921153BB4891}.Debug|Any CPU.ActiveCfg = Debug|x86
		{5E87CE00-6E89-4ACB-BDE6-921153BB4891}.Debug|Mixed Platforms.ActiveCfg = Debug|x86
		{5E87CE00-6E89-4ACB-BDE6-921153BB4891}.Debug|Mixed Platforms.Build.0 = Debug|x86
		{5E87CE00-6E89-4ACB-BDE6-921153BB4891}.Debug|x86.ActiveCfg = Debug|x86
		{5E87CE00-6E89-4ACB-BDE6-921153BB4891}.Debug|x86.Build.0 = Debug|x86
		{5E87CE00-6E89-4ACB-BDE6-921153BB4891}.Release|Any CPU.ActiveCfg = Release|x86
		{5E87CE00-6E89-4ACB-BDE6-921153BB4891}.Release|Mixed Platforms.ActiveCfg = Release|x86
		{5E87CE00-6E89-4ACB-BDE6-921153BB4891}.Release|Mixed Platforms.Build.0 = Release|x86
		{5E87CE00-6E89-4ACB-BDE6-921153BB4891}.Release|x86.ActiveCfg = Release|x86
		{5E87CE00-6E89-4ACB-BDE6-921153BB4891}.Release|x86.Build.0 = Release|x86
		{5C9D39D5-FF59-47F9-874D-BF6909770B39}.Debug|Any CPU.ActiveCfg = Debug|Any CPU
		{5C9D39D5-FF59-47F9-874D-BF6909770B39}.Debug|Any CPU.Build.0 = Debug|Any CPU
		{5C9D39D5-FF59-47F9-874D-BF6909770B39}.Debug|Mixed Platforms.ActiveCfg = Debug|Any CPU
		{5C9D39D5-FF59-47F9-874D-BF6909770B39}.Debug|Mixed Platforms.Build.0 = Debug|Any CPU
		{5C9D39D5-FF59-47F9-874D-BF6909770B39}.Debug|x86.ActiveCfg = Debug|Any CPU
		{5C9D39D5-FF59-47F9-874D-BF6909770B39}.Release|Any CPU.ActiveCfg = Release|Any CPU
		{5C9D39D5-FF59-47F9-874D-BF6909770B39}.Release|Any CPU.Build.0 = Release|Any CPU
		{5C9D39D5-FF59-47F9-874D-BF6909770B39}.Release|Mixed Platforms.ActiveCfg = Release|Any CPU
		{5C9D39D5-FF59-47F9-874D-BF6909770B39}.Release|Mixed Platforms.Build.0 = Release|Any CPU
		{5C9D39D5-FF59-47F9-874D-BF6909770B39}.Release|x86.ActiveCfg = Release|Any CPU
		{39547A68-442C-4C4E-8034-4BCACAF22AFB}.Debug|Any CPU.ActiveCfg = Debug|Any CPU
		{39547A68-442C-4C4E-8034-4BCACAF22AFB}.Debug|Any CPU.Build.0 = Debug|Any CPU
		{39547A68-442C-4C4E-8034-4BCACAF22AFB}.Debug|Mixed Platforms.ActiveCfg = Debug|Any CPU
		{39547A68-442C-4C4E-8034-4BCACAF22AFB}.Debug|Mixed Platforms.Build.0 = Debug|Any CPU
		{39547A68-442C-4C4E-8034-4BCACAF22AFB}.Debug|x86.ActiveCfg = Debug|Any CPU
		{39547A68-442C-4C4E-8034-4BCACAF22AFB}.Release|Any CPU.ActiveCfg = Release|Any CPU
		{39547A68-442C-4C4E-8034-4BCACAF22AFB}.Release|Any CPU.Build.0 = Release|Any CPU
		{39547A68-442C-4C4E-8034-4BCACAF22AFB}.Release|Mixed Platforms.ActiveCfg = Release|Any CPU
		{39547A68-442C-4C4E-8034-4BCACAF22AFB}.Release|Mixed Platforms.Build.0 = Release|Any CPU
		{39547A68-442C-4C4E-8034-4BCACAF22AFB}.Release|x86.ActiveCfg = Release|Any CPU
	EndGlobalSection
	GlobalSection(SolutionProperties) = preSolution
		HideSolutionNode = FALSE
	EndGlobalSection
EndGlobal
